
Microsoft Visual Studio Solution File, Format Version 12.00
# Visual Studio Version 17
VisualStudioVersion = 17.5.33516.290
MinimumVisualStudioVersion = 10.0.40219.1
Project("{FAE04EC0-301F-11D3-BF4B-00C04F79EFBC}") = "ScheduledMaintenanceTracker", "TaskTracker\ScheduledMaintenanceTracker.csproj", "{37C9A949-C921-40BA-98D7-4B21F334AE3D}"
EndProject
Project("{FAE04EC0-301F-11D3-BF4B-00C04F79EFBC}") = "DataAccessLibrary", "DataAccessLibrary\DataAccessLibrary.csproj", "{CCAB7ED8-AA1A-4773-AA3D-0DE8EB3CF7A4}"
EndProject
Global
	GlobalSection(SolutionConfigurationPlatforms) = preSolution
		Debug|Any CPU = Debug|Any CPU
		Release|Any CPU = Release|Any CPU
	EndGlobalSection
	GlobalSection(ProjectConfigurationPlatforms) = postSolution
		{37C9A949-C921-40BA-98D7-4B21F334AE3D}.Debug|Any CPU.ActiveCfg = Debug|Any CPU
		{37C9A949-C921-40BA-98D7-4B21F334AE3D}.Debug|Any CPU.Build.0 = Debug|Any CPU
		{37C9A949-C921-40BA-98D7-4B21F334AE3D}.Release|Any CPU.ActiveCfg = Release|Any CPU
		{37C9A949-C921-40BA-98D7-4B21F334AE3D}.Release|Any CPU.Build.0 = Release|Any CPU
		{CCAB7ED8-AA1A-4773-AA3D-0DE8EB3CF7A4}.Debug|Any CPU.ActiveCfg = Debug|Any CPU
		{CCAB7ED8-AA1A-4773-AA3D-0DE8EB3CF7A4}.Debug|Any CPU.Build.0 = Debug|Any CPU
		{CCAB7ED8-AA1A-4773-AA3D-0DE8EB3CF7A4}.Release|Any CPU.ActiveCfg = Release|Any CPU
		{CCAB7ED8-AA1A-4773-AA3D-0DE8EB3CF7A4}.Release|Any CPU.Build.0 = Release|Any CPU
	EndGlobalSection
	GlobalSection(SolutionProperties) = preSolution
		HideSolutionNode = FALSE
	EndGlobalSection
	GlobalSection(ExtensibilityGlobals) = postSolution
		SolutionGuid = {D81AB826-C706-4DBB-B294-E4BCE90BC3AB}
	EndGlobalSection
EndGlobal
